
Microsoft Visual Studio Solution File, Format Version 12.00
# Visual Studio Version 17
VisualStudioVersion = 17.5.33424.131
MinimumVisualStudioVersion = 10.0.40219.1
Project("{2150E333-8FDC-42A3-9474-1A3956D46DE8}") = "Solution Items", "Solution Items", "{C37AE34D-A8C4-4AEC-995C-3C763300934E}"
	ProjectSection(SolutionItems) = preProject
		..\azure-pipelines.yml = ..\azure-pipelines.yml
		Changelog.txt = Changelog.txt
		Directory.Build.props = Directory.Build.props
		global.json = global.json
		version.json = version.json
	EndProjectSection
EndProject
Project("{9A19103F-16F7-4668-BE54-9A1E7A4F7556}") = "NotifyIconWpf", "NotifyIconWpf\NotifyIconWpf.csproj", "{7AC63864-7638-41C4-969C-D3197EF2BED9}"
EndProject
Project("{9A19103F-16F7-4668-BE54-9A1E7A4F7556}") = "WinNotes.Notify", "NotifyIconWpf.Sample.Windowless\WinNotes.Notify.csproj", "{964EBFBE-A600-49B2-BDD8-422B46F1D544}"
EndProject
Project("{9A19103F-16F7-4668-BE54-9A1E7A4F7556}") = "WinNotes.Config", "WinNotes.Config\WinNotes.Config.csproj", "{02DFC691-E390-42D5-9535-ED5F8259D913}"
EndProject
Project("{9A19103F-16F7-4668-BE54-9A1E7A4F7556}") = "ExpressionEncrypter", "ExpressionEncrypter\ExpressionEncrypter.csproj", "{AD2C75EC-0DB6-432D-BFC4-A63A35F7A6E9}"
EndProject
Project("{FAE04EC0-301F-11D3-BF4B-00C04F79EFBC}") = "TestConfig", "TestConfig\TestConfig.csproj", "{D92BED6C-EE0E-4352-B8D7-9AE7D24C2BC5}"
EndProject
Global
	GlobalSection(SolutionConfigurationPlatforms) = preSolution
		Debug|Any CPU = Debug|Any CPU
		Release|Any CPU = Release|Any CPU
	EndGlobalSection
	GlobalSection(ProjectConfigurationPlatforms) = postSolution
		{7AC63864-7638-41C4-969C-D3197EF2BED9}.Debug|Any CPU.ActiveCfg = Debug|Any CPU
		{7AC63864-7638-41C4-969C-D3197EF2BED9}.Debug|Any CPU.Build.0 = Debug|Any CPU
		{7AC63864-7638-41C4-969C-D3197EF2BED9}.Release|Any CPU.ActiveCfg = Release|Any CPU
		{7AC63864-7638-41C4-969C-D3197EF2BED9}.Release|Any CPU.Build.0 = Release|Any CPU
		{964EBFBE-A600-49B2-BDD8-422B46F1D544}.Debug|Any CPU.ActiveCfg = Debug|Any CPU
		{964EBFBE-A600-49B2-BDD8-422B46F1D544}.Debug|Any CPU.Build.0 = Debug|Any CPU
		{964EBFBE-A600-49B2-BDD8-422B46F1D544}.Release|Any CPU.ActiveCfg = Release|Any CPU
		{964EBFBE-A600-49B2-BDD8-422B46F1D544}.Release|Any CPU.Build.0 = Release|Any CPU
		{02DFC691-E390-42D5-9535-ED5F8259D913}.Debug|Any CPU.ActiveCfg = Debug|Any CPU
		{02DFC691-E390-42D5-9535-ED5F8259D913}.Debug|Any CPU.Build.0 = Debug|Any CPU
		{02DFC691-E390-42D5-9535-ED5F8259D913}.Release|Any CPU.ActiveCfg = Release|Any CPU
		{02DFC691-E390-42D5-9535-ED5F8259D913}.Release|Any CPU.Build.0 = Release|Any CPU
		{AD2C75EC-0DB6-432D-BFC4-A63A35F7A6E9}.Debug|Any CPU.ActiveCfg = Debug|Any CPU
		{AD2C75EC-0DB6-432D-BFC4-A63A35F7A6E9}.Debug|Any CPU.Build.0 = Debug|Any CPU
		{AD2C75EC-0DB6-432D-BFC4-A63A35F7A6E9}.Release|Any CPU.ActiveCfg = Release|Any CPU
		{AD2C75EC-0DB6-432D-BFC4-A63A35F7A6E9}.Release|Any CPU.Build.0 = Release|Any CPU
		{D92BED6C-EE0E-4352-B8D7-9AE7D24C2BC5}.Debug|Any CPU.ActiveCfg = Debug|Any CPU
		{D92BED6C-EE0E-4352-B8D7-9AE7D24C2BC5}.Debug|Any CPU.Build.0 = Debug|Any CPU
		{D92BED6C-EE0E-4352-B8D7-9AE7D24C2BC5}.Release|Any CPU.ActiveCfg = Release|Any CPU
		{D92BED6C-EE0E-4352-B8D7-9AE7D24C2BC5}.Release|Any CPU.Build.0 = Release|Any CPU
	EndGlobalSection
	GlobalSection(SolutionProperties) = preSolution
		HideSolutionNode = FALSE
	EndGlobalSection
	GlobalSection(ExtensibilityGlobals) = postSolution
		SolutionGuid = {C139BD97-A4F7-411B-99B1-824CE1ABA403}
	EndGlobalSection
EndGlobal
